
Microsoft Visual Studio Solution File, Format Version 12.00
# Visual Studio 14
VisualStudioVersion = 14.0.23107.0
MinimumVisualStudioVersion = 10.0.40219.1
Project("{FAE04EC0-301F-11D3-BF4B-00C04F79EFBC}") = "Sistema.Acesso.Ifsp.View", "Sistema.Acesso.Ifsp.View\Sistema.Acesso.Ifsp.View.csproj", "{EF1775CB-7644-4F36-B917-4A4A9164BFE6}"
EndProject
Project("{FAE04EC0-301F-11D3-BF4B-00C04F79EFBC}") = "Sistema.Acesso.Ifsp.Model", "Sistema.Acesso.Ifsp.Model\Sistema.Acesso.Ifsp.Model.csproj", "{3CDD1AFC-F692-4956-9371-7A60B49FFCCB}"
EndProject
Project("{FAE04EC0-301F-11D3-BF4B-00C04F79EFBC}") = "Sistema.Acesso.Ifsp.DAL", "Sistema.Acesso.Ifsp.DAL\Sistema.Acesso.Ifsp.DAL.csproj", "{F0E2E53A-61E9-4F4E-BD19-BDDF0F19224D}"
EndProject
Project("{FAE04EC0-301F-11D3-BF4B-00C04F79EFBC}") = "Sistema.Acesso.Ifsp.DAO", "Sistema.Acesso.Ifsp.DAO\Sistema.Acesso.Ifsp.DAO.csproj", "{9C52013D-C607-460D-8569-BADE6ED38624}"
EndProject
Project("{FAE04EC0-301F-11D3-BF4B-00C04F79EFBC}") = "Sistema.Acesso.Ifsp.Teste.Unitario", "Sistema.Acesso.Ifsp.Teste.Unitario\Sistema.Acesso.Ifsp.Teste.Unitario.csproj", "{5EBC1AF3-01D9-44EC-93B6-5214E69B69CA}"
EndProject
Global
	GlobalSection(SolutionConfigurationPlatforms) = preSolution
		Debug|Any CPU = Debug|Any CPU
		Release|Any CPU = Release|Any CPU
	EndGlobalSection
	GlobalSection(ProjectConfigurationPlatforms) = postSolution
		{EF1775CB-7644-4F36-B917-4A4A9164BFE6}.Debug|Any CPU.ActiveCfg = Debug|Any CPU
		{EF1775CB-7644-4F36-B917-4A4A9164BFE6}.Debug|Any CPU.Build.0 = Debug|Any CPU
		{EF1775CB-7644-4F36-B917-4A4A9164BFE6}.Release|Any CPU.ActiveCfg = Release|Any CPU
		{EF1775CB-7644-4F36-B917-4A4A9164BFE6}.Release|Any CPU.Build.0 = Release|Any CPU
		{3CDD1AFC-F692-4956-9371-7A60B49FFCCB}.Debug|Any CPU.ActiveCfg = Debug|Any CPU
		{3CDD1AFC-F692-4956-9371-7A60B49FFCCB}.Debug|Any CPU.Build.0 = Debug|Any CPU
		{3CDD1AFC-F692-4956-9371-7A60B49FFCCB}.Release|Any CPU.ActiveCfg = Release|Any CPU
		{3CDD1AFC-F692-4956-9371-7A60B49FFCCB}.Release|Any CPU.Build.0 = Release|Any CPU
		{F0E2E53A-61E9-4F4E-BD19-BDDF0F19224D}.Debug|Any CPU.ActiveCfg = Debug|Any CPU
		{F0E2E53A-61E9-4F4E-BD19-BDDF0F19224D}.Debug|Any CPU.Build.0 = Debug|Any CPU
		{F0E2E53A-61E9-4F4E-BD19-BDDF0F19224D}.Release|Any CPU.ActiveCfg = Release|Any CPU
		{F0E2E53A-61E9-4F4E-BD19-BDDF0F19224D}.Release|Any CPU.Build.0 = Release|Any CPU
		{9C52013D-C607-460D-8569-BADE6ED38624}.Debug|Any CPU.ActiveCfg = Debug|Any CPU
		{9C52013D-C607-460D-8569-BADE6ED38624}.Debug|Any CPU.Build.0 = Debug|Any CPU
		{9C52013D-C607-460D-8569-BADE6ED38624}.Release|Any CPU.ActiveCfg = Release|Any CPU
		{9C52013D-C607-460D-8569-BADE6ED38624}.Release|Any CPU.Build.0 = Release|Any CPU
		{5EBC1AF3-01D9-44EC-93B6-5214E69B69CA}.Debug|Any CPU.ActiveCfg = Debug|Any CPU
		{5EBC1AF3-01D9-44EC-93B6-5214E69B69CA}.Debug|Any CPU.Build.0 = Debug|Any CPU
		{5EBC1AF3-01D9-44EC-93B6-5214E69B69CA}.Release|Any CPU.ActiveCfg = Release|Any CPU
		{5EBC1AF3-01D9-44EC-93B6-5214E69B69CA}.Release|Any CPU.Build.0 = Release|Any CPU
	EndGlobalSection
	GlobalSection(SolutionProperties) = preSolution
		HideSolutionNode = FALSE
	EndGlobalSection
EndGlobal
